
Microsoft Visual Studio Solution File, Format Version 12.00
# Visual Studio Version 17
VisualStudioVersion = 17.10.34804.81
MinimumVisualStudioVersion = 10.0.40219.1
Project("{2150E333-8FDC-42A3-9474-1A3956D46DE8}") = "Solution Items", "Solution Items", "{D746AE6A-D8D3-439F-B400-72EB85B77F9D}"
	ProjectSection(SolutionItems) = preProject
		.editorconfig = .editorconfig
		.gitignore = .gitignore
		README.md = README.md
	EndProjectSection
EndProject
Project("{2150E333-8FDC-42A3-9474-1A3956D46DE8}") = "Templates", "Templates", "{14DD97F5-B9D4-45E8-B060-7E17DB038843}"
EndProject
Project("{2150E333-8FDC-42A3-9474-1A3956D46DE8}") = "DI & Config", "DI & Config", "{ED7A668D-461B-4BC9-9CF4-C94762960E11}"
	ProjectSection(SolutionItems) = preProject
		AddServiceTemplate.cs = AddServiceTemplate.cs
	EndProjectSection
EndProject
Project("{2150E333-8FDC-42A3-9474-1A3956D46DE8}") = "Source", "Source", "{EE599AC7-61AA-4823-B826-DABA873EE44E}"
EndProject
Project("{2150E333-8FDC-42A3-9474-1A3956D46DE8}") = "Api", "Api", "{29E572B3-255F-48D7-B93D-1CD2197724BF}"
EndProject
Project("{9A19103F-16F7-4668-BE54-9A1E7A4F7556}") = "CCA.Api", "CCA.Api\CCA.Api.csproj", "{57F6919E-21CF-4354-9059-6BF573D398FE}"
EndProject
Project("{2150E333-8FDC-42A3-9474-1A3956D46DE8}") = "Core", "Core", "{AF6F9FFB-BD28-464C-8676-C6B158029E36}"
EndProject
Project("{9A19103F-16F7-4668-BE54-9A1E7A4F7556}") = "CCA.Core.Application", "CCA.Core.Application\CCA.Core.Application.csproj", "{378773C6-EF82-436D-8968-6F94FF37885C}"
EndProject
Project("{9A19103F-16F7-4668-BE54-9A1E7A4F7556}") = "CCA.Core.Domain", "CCA.Core.Domain\CCA.Core.Domain.csproj", "{D6CB569A-94F0-4347-A66F-0682ED8681A8}"
EndProject
Project("{2150E333-8FDC-42A3-9474-1A3956D46DE8}") = "Tests", "Tests", "{54EBFDD5-23D9-49D9-8E0F-0A649A742B10}"
EndProject
Project("{9A19103F-16F7-4668-BE54-9A1E7A4F7556}") = "CCA.Data.Persistence", "CCA.Data.Persistence\CCA.Data.Persistence.csproj", "{27110F38-7A9F-4551-A69F-A9EBC158D855}"
EndProject
Project("{9A19103F-16F7-4668-BE54-9A1E7A4F7556}") = "CCA.Data.Infra", "CCA.Data.Infra\CCA.Data.Infra.csproj", "{BEA14F3B-6A1A-4973-A5A9-F7BC33C48F0A}"
EndProject
Project("{9A19103F-16F7-4668-BE54-9A1E7A4F7556}") = "CCA.Tests.EndToEnd", "CCA.Tests.EndToEnd\CCA.Tests.EndToEnd.csproj", "{6CDAA0B3-1265-410E-8BCA-CE5D6861A92A}"
EndProject
Project("{2150E333-8FDC-42A3-9474-1A3956D46DE8}") = "Data", "Data", "{C400FB86-EC8C-427C-B6E9-C9786CE92E9C}"
EndProject
Project("{9A19103F-16F7-4668-BE54-9A1E7A4F7556}") = "CCA.Core.Infra", "CCA.Core.Infra\CCA.Core.Infra.csproj", "{5F95AA5B-3015-4B0D-8240-9D64BDF15AEB}"
EndProject
Project("{FAE04EC0-301F-11D3-BF4B-00C04F79EFBC}") = "CCA.Tests.Integration", "CCA.Tests.Integration\CCA.Tests.Integration.csproj", "{3C3C9B2B-052B-4D6D-BBE9-2BEA5241A74E}"
EndProject
Project("{FAE04EC0-301F-11D3-BF4B-00C04F79EFBC}") = "CCA.TestSetup", "CCA.TestSetup\CCA.TestSetup.csproj", "{951E7C81-D5F7-43B9-9D55-CAEC2DBB1B95}"
EndProject
Global
	GlobalSection(SolutionConfigurationPlatforms) = preSolution
		Debug|Any CPU = Debug|Any CPU
		Release|Any CPU = Release|Any CPU
	EndGlobalSection
	GlobalSection(ProjectConfigurationPlatforms) = postSolution
		{57F6919E-21CF-4354-9059-6BF573D398FE}.Debug|Any CPU.ActiveCfg = Debug|Any CPU
		{57F6919E-21CF-4354-9059-6BF573D398FE}.Debug|Any CPU.Build.0 = Debug|Any CPU
		{57F6919E-21CF-4354-9059-6BF573D398FE}.Release|Any CPU.ActiveCfg = Release|Any CPU
		{57F6919E-21CF-4354-9059-6BF573D398FE}.Release|Any CPU.Build.0 = Release|Any CPU
		{378773C6-EF82-436D-8968-6F94FF37885C}.Debug|Any CPU.ActiveCfg = Debug|Any CPU
		{378773C6-EF82-436D-8968-6F94FF37885C}.Debug|Any CPU.Build.0 = Debug|Any CPU
		{378773C6-EF82-436D-8968-6F94FF37885C}.Release|Any CPU.ActiveCfg = Release|Any CPU
		{378773C6-EF82-436D-8968-6F94FF37885C}.Release|Any CPU.Build.0 = Release|Any CPU
		{D6CB569A-94F0-4347-A66F-0682ED8681A8}.Debug|Any CPU.ActiveCfg = Debug|Any CPU
		{D6CB569A-94F0-4347-A66F-0682ED8681A8}.Debug|Any CPU.Build.0 = Debug|Any CPU
		{D6CB569A-94F0-4347-A66F-0682ED8681A8}.Release|Any CPU.ActiveCfg = Release|Any CPU
		{D6CB569A-94F0-4347-A66F-0682ED8681A8}.Release|Any CPU.Build.0 = Release|Any CPU
		{27110F38-7A9F-4551-A69F-A9EBC158D855}.Debug|Any CPU.ActiveCfg = Debug|Any CPU
		{27110F38-7A9F-4551-A69F-A9EBC158D855}.Debug|Any CPU.Build.0 = Debug|Any CPU
		{27110F38-7A9F-4551-A69F-A9EBC158D855}.Release|Any CPU.ActiveCfg = Release|Any CPU
		{27110F38-7A9F-4551-A69F-A9EBC158D855}.Release|Any CPU.Build.0 = Release|Any CPU
		{BEA14F3B-6A1A-4973-A5A9-F7BC33C48F0A}.Debug|Any CPU.ActiveCfg = Debug|Any CPU
		{BEA14F3B-6A1A-4973-A5A9-F7BC33C48F0A}.Debug|Any CPU.Build.0 = Debug|Any CPU
		{BEA14F3B-6A1A-4973-A5A9-F7BC33C48F0A}.Release|Any CPU.ActiveCfg = Release|Any CPU
		{BEA14F3B-6A1A-4973-A5A9-F7BC33C48F0A}.Release|Any CPU.Build.0 = Release|Any CPU
		{6CDAA0B3-1265-410E-8BCA-CE5D6861A92A}.Debug|Any CPU.ActiveCfg = Debug|Any CPU
		{6CDAA0B3-1265-410E-8BCA-CE5D6861A92A}.Debug|Any CPU.Build.0 = Debug|Any CPU
		{6CDAA0B3-1265-410E-8BCA-CE5D6861A92A}.Release|Any CPU.ActiveCfg = Release|Any CPU
		{6CDAA0B3-1265-410E-8BCA-CE5D6861A92A}.Release|Any CPU.Build.0 = Release|Any CPU
		{5F95AA5B-3015-4B0D-8240-9D64BDF15AEB}.Debug|Any CPU.ActiveCfg = Debug|Any CPU
		{5F95AA5B-3015-4B0D-8240-9D64BDF15AEB}.Debug|Any CPU.Build.0 = Debug|Any CPU
		{5F95AA5B-3015-4B0D-8240-9D64BDF15AEB}.Release|Any CPU.ActiveCfg = Release|Any CPU
		{5F95AA5B-3015-4B0D-8240-9D64BDF15AEB}.Release|Any CPU.Build.0 = Release|Any CPU
		{3C3C9B2B-052B-4D6D-BBE9-2BEA5241A74E}.Debug|Any CPU.ActiveCfg = Debug|Any CPU
		{3C3C9B2B-052B-4D6D-BBE9-2BEA5241A74E}.Debug|Any CPU.Build.0 = Debug|Any CPU
		{3C3C9B2B-052B-4D6D-BBE9-2BEA5241A74E}.Release|Any CPU.ActiveCfg = Release|Any CPU
		{3C3C9B2B-052B-4D6D-BBE9-2BEA5241A74E}.Release|Any CPU.Build.0 = Release|Any CPU
		{951E7C81-D5F7-43B9-9D55-CAEC2DBB1B95}.Debug|Any CPU.ActiveCfg = Debug|Any CPU
		{951E7C81-D5F7-43B9-9D55-CAEC2DBB1B95}.Debug|Any CPU.Build.0 = Debug|Any CPU
		{951E7C81-D5F7-43B9-9D55-CAEC2DBB1B95}.Release|Any CPU.ActiveCfg = Release|Any CPU
		{951E7C81-D5F7-43B9-9D55-CAEC2DBB1B95}.Release|Any CPU.Build.0 = Release|Any CPU
	EndGlobalSection
	GlobalSection(SolutionProperties) = preSolution
		HideSolutionNode = FALSE
	EndGlobalSection
	GlobalSection(NestedProjects) = preSolution
		{14DD97F5-B9D4-45E8-B060-7E17DB038843} = {D746AE6A-D8D3-439F-B400-72EB85B77F9D}
		{ED7A668D-461B-4BC9-9CF4-C94762960E11} = {14DD97F5-B9D4-45E8-B060-7E17DB038843}
		{29E572B3-255F-48D7-B93D-1CD2197724BF} = {EE599AC7-61AA-4823-B826-DABA873EE44E}
		{57F6919E-21CF-4354-9059-6BF573D398FE} = {29E572B3-255F-48D7-B93D-1CD2197724BF}
		{AF6F9FFB-BD28-464C-8676-C6B158029E36} = {EE599AC7-61AA-4823-B826-DABA873EE44E}
		{378773C6-EF82-436D-8968-6F94FF37885C} = {AF6F9FFB-BD28-464C-8676-C6B158029E36}
		{D6CB569A-94F0-4347-A66F-0682ED8681A8} = {AF6F9FFB-BD28-464C-8676-C6B158029E36}
		{27110F38-7A9F-4551-A69F-A9EBC158D855} = {C400FB86-EC8C-427C-B6E9-C9786CE92E9C}
		{BEA14F3B-6A1A-4973-A5A9-F7BC33C48F0A} = {C400FB86-EC8C-427C-B6E9-C9786CE92E9C}
		{6CDAA0B3-1265-410E-8BCA-CE5D6861A92A} = {54EBFDD5-23D9-49D9-8E0F-0A649A742B10}
		{C400FB86-EC8C-427C-B6E9-C9786CE92E9C} = {EE599AC7-61AA-4823-B826-DABA873EE44E}
		{5F95AA5B-3015-4B0D-8240-9D64BDF15AEB} = {AF6F9FFB-BD28-464C-8676-C6B158029E36}
		{3C3C9B2B-052B-4D6D-BBE9-2BEA5241A74E} = {54EBFDD5-23D9-49D9-8E0F-0A649A742B10}
		{951E7C81-D5F7-43B9-9D55-CAEC2DBB1B95} = {54EBFDD5-23D9-49D9-8E0F-0A649A742B10}
	EndGlobalSection
	GlobalSection(ExtensibilityGlobals) = postSolution
		SolutionGuid = {8E8C1D64-10F1-4312-B7ED-09B08C41011D}
	EndGlobalSection
EndGlobal
